// !$*UTF8*$!
{
	archiveVersion = 1;
	classes = {
	};
	objectVersion = 56;
	objects = {

/* Begin PBXBuildFile section */
		EC5CC6FE2A278A1100D88DF8 /* AppDelegate.swift in Sources */ = {isa = PBXBuildFile; fileRef = EC5CC6FD2A278A1100D88DF8 /* AppDelegate.swift */; };
		EC5CC7002A278A1100D88DF8 /* SceneDelegate.swift in Sources */ = {isa = PBXBuildFile; fileRef = EC5CC6FF2A278A1100D88DF8 /* SceneDelegate.swift */; };
		EC5CC7022A278A1100D88DF8 /* ViewController.swift in Sources */ = {isa = PBXBuildFile; fileRef = EC5CC7012A278A1100D88DF8 /* ViewController.swift */; };
		EC5CC7052A278A1100D88DF8 /* Main.storyboard in Resources */ = {isa = PBXBuildFile; fileRef = EC5CC7032A278A1100D88DF8 /* Main.storyboard */; };
		EC5CC7072A278A1100D88DF8 /* Assets.xcassets in Resources */ = {isa = PBXBuildFile; fileRef = EC5CC7062A278A1100D88DF8 /* Assets.xcassets */; };
		EC5CC70A2A278A1100D88DF8 /* LaunchScreen.storyboard in Resources */ = {isa = PBXBuildFile; fileRef = EC5CC7082A278A1100D88DF8 /* LaunchScreen.storyboard */; };
		EC5CC7132A278A7E00D88DF8 /* RxCocoa in Frameworks */ = {isa = PBXBuildFile; productRef = EC5CC7122A278A7E00D88DF8 /* RxCocoa */; };
		EC5CC7152A278A7E00D88DF8 /* RxRelay in Frameworks */ = {isa = PBXBuildFile; productRef = EC5CC7142A278A7E00D88DF8 /* RxRelay */; };
		EC5CC7172A278A7E00D88DF8 /* RxSwift in Frameworks */ = {isa = PBXBuildFile; productRef = EC5CC7162A278A7E00D88DF8 /* RxSwift */; };
		EC5CC71A2A278B4400D88DF8 /* Kingfisher in Frameworks */ = {isa = PBXBuildFile; productRef = EC5CC7192A278B4400D88DF8 /* Kingfisher */; };
		EC5CC71D2A278B5200D88DF8 /* SnapKit in Frameworks */ = {isa = PBXBuildFile; productRef = EC5CC71C2A278B5200D88DF8 /* SnapKit */; };
		EC5CC71F2A278B9F00D88DF8 /* MainViewController.swift in Sources */ = {isa = PBXBuildFile; fileRef = EC5CC71E2A278B9F00D88DF8 /* MainViewController.swift */; };
/* End PBXBuildFile section */

/* Begin PBXFileReference section */
		EC5CC6FA2A278A1100D88DF8 /* SearchDaumBlog-ios.app */ = {isa = PBXFileReference; explicitFileType = wrapper.application; includeInIndex = 0; path = "SearchDaumBlog-ios.app"; sourceTree = BUILT_PRODUCTS_DIR; };
		EC5CC6FD2A278A1100D88DF8 /* AppDelegate.swift */ = {isa = PBXFileReference; lastKnownFileType = sourcecode.swift; path = AppDelegate.swift; sourceTree = "<group>"; };
		EC5CC6FF2A278A1100D88DF8 /* SceneDelegate.swift */ = {isa = PBXFileReference; lastKnownFileType = sourcecode.swift; path = SceneDelegate.swift; sourceTree = "<group>"; };
		EC5CC7012A278A1100D88DF8 /* ViewController.swift */ = {isa = PBXFileReference; lastKnownFileType = sourcecode.swift; path = ViewController.swift; sourceTree = "<group>"; };
		EC5CC7042A278A1100D88DF8 /* Base */ = {isa = PBXFileReference; lastKnownFileType = file.storyboard; name = Base; path = Base.lproj/Main.storyboard; sourceTree = "<group>"; };
		EC5CC7062A278A1100D88DF8 /* Assets.xcassets */ = {isa = PBXFileReference; lastKnownFileType = folder.assetcatalog; path = Assets.xcassets; sourceTree = "<group>"; };
		EC5CC7092A278A1100D88DF8 /* Base */ = {isa = PBXFileReference; lastKnownFileType = file.storyboard; name = Base; path = Base.lproj/LaunchScreen.storyboard; sourceTree = "<group>"; };
		EC5CC70B2A278A1100D88DF8 /* Info.plist */ = {isa = PBXFileReference; lastKnownFileType = text.plist.xml; path = Info.plist; sourceTree = "<group>"; };
		EC5CC71E2A278B9F00D88DF8 /* MainViewController.swift */ = {isa = PBXFileReference; lastKnownFileType = sourcecode.swift; path = MainViewController.swift; sourceTree = "<group>"; };
/* End PBXFileReference section */

/* Begin PBXFrameworksBuildPhase section */
		EC5CC6F72A278A1100D88DF8 /* Frameworks */ = {
			isa = PBXFrameworksBuildPhase;
			buildActionMask = 2147483647;
			files = (
				EC5CC71A2A278B4400D88DF8 /* Kingfisher in Frameworks */,
				EC5CC7172A278A7E00D88DF8 /* RxSwift in Frameworks */,
				EC5CC7152A278A7E00D88DF8 /* RxRelay in Frameworks */,
				EC5CC7132A278A7E00D88DF8 /* RxCocoa in Frameworks */,
				EC5CC71D2A278B5200D88DF8 /* SnapKit in Frameworks */,
			);
			runOnlyForDeploymentPostprocessing = 0;
		};
/* End PBXFrameworksBuildPhase section */

/* Begin PBXGroup section */
		EC5CC6F12A278A1100D88DF8 = {
			isa = PBXGroup;
			children = (
				EC5CC6FC2A278A1100D88DF8 /* SearchDaumBlog-ios */,
				EC5CC6FB2A278A1100D88DF8 /* Products */,
			);
			sourceTree = "<group>";
		};
		EC5CC6FB2A278A1100D88DF8 /* Products */ = {
			isa = PBXGroup;
			children = (
				EC5CC6FA2A278A1100D88DF8 /* SearchDaumBlog-ios.app */,
			);
			name = Products;
			sourceTree = "<group>";
		};
		EC5CC6FC2A278A1100D88DF8 /* SearchDaumBlog-ios */ = {
			isa = PBXGroup;
			children = (
				EC5CC6FD2A278A1100D88DF8 /* AppDelegate.swift */,
				EC5CC6FF2A278A1100D88DF8 /* SceneDelegate.swift */,
				EC5CC7012A278A1100D88DF8 /* ViewController.swift */,
				EC5CC71E2A278B9F00D88DF8 /* MainViewController.swift */,
				EC5CC7032A278A1100D88DF8 /* Main.storyboard */,
				EC5CC7062A278A1100D88DF8 /* Assets.xcassets */,
				EC5CC7082A278A1100D88DF8 /* LaunchScreen.storyboard */,
				EC5CC70B2A278A1100D88DF8 /* Info.plist */,
			);
			path = "SearchDaumBlog-ios";
			sourceTree = "<group>";
		};
/* End PBXGroup section */

/* Begin PBXNativeTarget section */
		EC5CC6F92A278A1100D88DF8 /* SearchDaumBlog-ios */ = {
			isa = PBXNativeTarget;
			buildConfigurationList = EC5CC70E2A278A1100D88DF8 /* Build configuration list for PBXNativeTarget "SearchDaumBlog-ios" */;
			buildPhases = (
				EC5CC6F62A278A1100D88DF8 /* Sources */,
				EC5CC6F72A278A1100D88DF8 /* Frameworks */,
				EC5CC6F82A278A1100D88DF8 /* Resources */,
			);
			buildRules = (
			);
			dependencies = (
			);
			name = "SearchDaumBlog-ios";
			packageProductDependencies = (
				EC5CC7122A278A7E00D88DF8 /* RxCocoa */,
				EC5CC7142A278A7E00D88DF8 /* RxRelay */,
				EC5CC7162A278A7E00D88DF8 /* RxSwift */,
				EC5CC7192A278B4400D88DF8 /* Kingfisher */,
				EC5CC71C2A278B5200D88DF8 /* SnapKit */,
			);
			productName = "SearchDaumBlog-ios";
			productReference = EC5CC6FA2A278A1100D88DF8 /* SearchDaumBlog-ios.app */;
			productType = "com.apple.product-type.application";
		};
/* End PBXNativeTarget section */

/* Begin PBXProject section */
		EC5CC6F22A278A1100D88DF8 /* Project object */ = {
			isa = PBXProject;
			attributes = {
				BuildIndependentTargetsInParallel = 1;
				LastSwiftUpdateCheck = 1430;
				LastUpgradeCheck = 1430;
				TargetAttributes = {
					EC5CC6F92A278A1100D88DF8 = {
						CreatedOnToolsVersion = 14.3;
					};
				};
			};
			buildConfigurationList = EC5CC6F52A278A1100D88DF8 /* Build configuration list for PBXProject "SearchDaumBlog-ios" */;
			compatibilityVersion = "Xcode 14.0";
			developmentRegion = en;
			hasScannedForEncodings = 0;
			knownRegions = (
				en,
				Base,
			);
			mainGroup = EC5CC6F12A278A1100D88DF8;
			packageReferences = (
				EC5CC7112A278A7E00D88DF8 /* XCRemoteSwiftPackageReference "rxswift" */,
				EC5CC7182A278B4300D88DF8 /* XCRemoteSwiftPackageReference "Kingfisher" */,
				EC5CC71B2A278B5200D88DF8 /* XCRemoteSwiftPackageReference "SnapKit" */,
			);
			productRefGroup = EC5CC6FB2A278A1100D88DF8 /* Products */;
			projectDirPath = "";
			projectRoot = "";
			targets = (
				EC5CC6F92A278A1100D88DF8 /* SearchDaumBlog-ios */,
			);
		};
/* End PBXProject section */

/* Begin PBXResourcesBuildPhase section */
		EC5CC6F82A278A1100D88DF8 /* Resources */ = {
			isa = PBXResourcesBuildPhase;
			buildActionMask = 2147483647;
			files = (
				EC5CC70A2A278A1100D88DF8 /* LaunchScreen.storyboard in Resources */,
				EC5CC7072A278A1100D88DF8 /* Assets.xcassets in Resources */,
				EC5CC7052A278A1100D88DF8 /* Main.storyboard in Resources */,
			);
			runOnlyForDeploymentPostprocessing = 0;
		};
/* End PBXResourcesBuildPhase section */

/* Begin PBXSourcesBuildPhase section */
		EC5CC6F62A278A1100D88DF8 /* Sources */ = {
			isa = PBXSourcesBuildPhase;
			buildActionMask = 2147483647;
			files = (
				EC5CC7022A278A1100D88DF8 /* ViewController.swift in Sources */,
				EC5CC6FE2A278A1100D88DF8 /* AppDelegate.swift in Sources */,
				EC5CC7002A278A1100D88DF8 /* SceneDelegate.swift in Sources */,
				EC5CC71F2A278B9F00D88DF8 /* MainViewController.swift in Sources */,
			);
			runOnlyForDeploymentPostprocessing = 0;
		};
/* End PBXSourcesBuildPhase section */

/* Begin PBXVariantGroup section */
		EC5CC7032A278A1100D88DF8 /* Main.storyboard */ = {
			isa = PBXVariantGroup;
			children = (
				EC5CC7042A278A1100D88DF8 /* Base */,
			);
			name = Main.storyboard;
			sourceTree = "<group>";
		};
		EC5CC7082A278A1100D88DF8 /* LaunchScreen.storyboard */ = {
			isa = PBXVariantGroup;
			children = (
				EC5CC7092A278A1100D88DF8 /* Base */,
			);
			name = LaunchScreen.storyboard;
			sourceTree = "<group>";
		};
/* End PBXVariantGroup section */

/* Begin XCBuildConfiguration section */
		EC5CC70C2A278A1100D88DF8 /* Debug */ = {
			isa = XCBuildConfiguration;
			buildSettings = {
				ALWAYS_SEARCH_USER_PATHS = NO;
				CLANG_ANALYZER_NONNULL = YES;
				CLANG_ANALYZER_NUMBER_OBJECT_CONVERSION = YES_AGGRESSIVE;
				CLANG_CXX_LANGUAGE_STANDARD = "gnu++20";
				CLANG_ENABLE_MODULES = YES;
				CLANG_ENABLE_OBJC_ARC = YES;
				CLANG_ENABLE_OBJC_WEAK = YES;
				CLANG_WARN_BLOCK_CAPTURE_AUTORELEASING = YES;
				CLANG_WARN_BOOL_CONVERSION = YES;
				CLANG_WARN_COMMA = YES;
				CLANG_WARN_CONSTANT_CONVERSION = YES;
				CLANG_WARN_DEPRECATED_OBJC_IMPLEMENTATIONS = YES;
				CLANG_WARN_DIRECT_OBJC_ISA_USAGE = YES_ERROR;
				CLANG_WARN_DOCUMENTATION_COMMENTS = YES;
				CLANG_WARN_EMPTY_BODY = YES;
				CLANG_WARN_ENUM_CONVERSION = YES;
				CLANG_WARN_INFINITE_RECURSION = YES;
				CLANG_WARN_INT_CONVERSION = YES;
				CLANG_WARN_NON_LITERAL_NULL_CONVERSION = YES;
				CLANG_WARN_OBJC_IMPLICIT_RETAIN_SELF = YES;
				CLANG_WARN_OBJC_LITERAL_CONVERSION = YES;
				CLANG_WARN_OBJC_ROOT_CLASS = YES_ERROR;
				CLANG_WARN_QUOTED_INCLUDE_IN_FRAMEWORK_HEADER = YES;
				CLANG_WARN_RANGE_LOOP_ANALYSIS = YES;
				CLANG_WARN_STRICT_PROTOTYPES = YES;
				CLANG_WARN_SUSPICIOUS_MOVE = YES;
				CLANG_WARN_UNGUARDED_AVAILABILITY = YES_AGGRESSIVE;
				CLANG_WARN_UNREACHABLE_CODE = YES;
				CLANG_WARN__DUPLICATE_METHOD_MATCH = YES;
				COPY_PHASE_STRIP = NO;
				DEBUG_INFORMATION_FORMAT = dwarf;
				ENABLE_STRICT_OBJC_MSGSEND = YES;
				ENABLE_TESTABILITY = YES;
				GCC_C_LANGUAGE_STANDARD = gnu11;
				GCC_DYNAMIC_NO_PIC = NO;
				GCC_NO_COMMON_BLOCKS = YES;
				GCC_OPTIMIZATION_LEVEL = 0;
				GCC_PREPROCESSOR_DEFINITIONS = (
					"DEBUG=1",
					"$(inherited)",
				);
				GCC_WARN_64_TO_32_BIT_CONVERSION = YES;
				GCC_WARN_ABOUT_RETURN_TYPE = YES_ERROR;
				GCC_WARN_UNDECLARED_SELECTOR = YES;
				GCC_WARN_UNINITIALIZED_AUTOS = YES_AGGRESSIVE;
				GCC_WARN_UNUSED_FUNCTION = YES;
				GCC_WARN_UNUSED_VARIABLE = YES;
				IPHONEOS_DEPLOYMENT_TARGET = 16.4;
				MTL_ENABLE_DEBUG_INFO = INCLUDE_SOURCE;
				MTL_FAST_MATH = YES;
				ONLY_ACTIVE_ARCH = YES;
				SDKROOT = iphoneos;
				SWIFT_ACTIVE_COMPILATION_CONDITIONS = DEBUG;
				SWIFT_OPTIMIZATION_LEVEL = "-Onone";
			};
			name = Debug;
		};
		EC5CC70D2A278A1100D88DF8 /* Release */ = {
			isa = XCBuildConfiguration;
			buildSettings = {
				ALWAYS_SEARCH_USER_PATHS = NO;
				CLANG_ANALYZER_NONNULL = YES;
				CLANG_ANALYZER_NUMBER_OBJECT_CONVERSION = YES_AGGRESSIVE;
				CLANG_CXX_LANGUAGE_STANDARD = "gnu++20";
				CLANG_ENABLE_MODULES = YES;
				CLANG_ENABLE_OBJC_ARC = YES;
				CLANG_ENABLE_OBJC_WEAK = YES;
				CLANG_WARN_BLOCK_CAPTURE_AUTORELEASING = YES;
				CLANG_WARN_BOOL_CONVERSION = YES;
				CLANG_WARN_COMMA = YES;
				CLANG_WARN_CONSTANT_CONVERSION = YES;
				CLANG_WARN_DEPRECATED_OBJC_IMPLEMENTATIONS = YES;
				CLANG_WARN_DIRECT_OBJC_ISA_USAGE = YES_ERROR;
				CLANG_WARN_DOCUMENTATION_COMMENTS = YES;
				CLANG_WARN_EMPTY_BODY = YES;
				CLANG_WARN_ENUM_CONVERSION = YES;
				CLANG_WARN_INFINITE_RECURSION = YES;
				CLANG_WARN_INT_CONVERSION = YES;
				CLANG_WARN_NON_LITERAL_NULL_CONVERSION = YES;
				CLANG_WARN_OBJC_IMPLICIT_RETAIN_SELF = YES;
				CLANG_WARN_OBJC_LITERAL_CONVERSION = YES;
				CLANG_WARN_OBJC_ROOT_CLASS = YES_ERROR;
				CLANG_WARN_QUOTED_INCLUDE_IN_FRAMEWORK_HEADER = YES;
				CLANG_WARN_RANGE_LOOP_ANALYSIS = YES;
				CLANG_WARN_STRICT_PROTOTYPES = YES;
				CLANG_WARN_SUSPICIOUS_MOVE = YES;
				CLANG_WARN_UNGUARDED_AVAILABILITY = YES_AGGRESSIVE;
				CLANG_WARN_UNREACHABLE_CODE = YES;
				CLANG_WARN__DUPLICATE_METHOD_MATCH = YES;
				COPY_PHASE_STRIP = NO;
				DEBUG_INFORMATION_FORMAT = "dwarf-with-dsym";
				ENABLE_NS_ASSERTIONS = NO;
				ENABLE_STRICT_OBJC_MSGSEND = YES;
				GCC_C_LANGUAGE_STANDARD = gnu11;
				GCC_NO_COMMON_BLOCKS = YES;
				GCC_WARN_64_TO_32_BIT_CONVERSION = YES;
				GCC_WARN_ABOUT_RETURN_TYPE = YES_ERROR;
				GCC_WARN_UNDECLARED_SELECTOR = YES;
				GCC_WARN_UNINITIALIZED_AUTOS = YES_AGGRESSIVE;
				GCC_WARN_UNUSED_FUNCTION = YES;
				GCC_WARN_UNUSED_VARIABLE = YES;
				IPHONEOS_DEPLOYMENT_TARGET = 16.4;
				MTL_ENABLE_DEBUG_INFO = NO;
				MTL_FAST_MATH = YES;
				SDKROOT = iphoneos;
				SWIFT_COMPILATION_MODE = wholemodule;
				SWIFT_OPTIMIZATION_LEVEL = "-O";
				VALIDATE_PRODUCT = YES;
			};
			name = Release;
		};
		EC5CC70F2A278A1100D88DF8 /* Debug */ = {
			isa = XCBuildConfiguration;
			buildSettings = {
				ASSETCATALOG_COMPILER_APPICON_NAME = AppIcon;
				ASSETCATALOG_COMPILER_GLOBAL_ACCENT_COLOR_NAME = AccentColor;
				CODE_SIGN_STYLE = Automatic;
				CURRENT_PROJECT_VERSION = 1;
				DEVELOPMENT_TEAM = 3JUD92543N;
				GENERATE_INFOPLIST_FILE = YES;
				INFOPLIST_FILE = "SearchDaumBlog-ios/Info.plist";
				INFOPLIST_KEY_UIApplicationSupportsIndirectInputEvents = YES;
				INFOPLIST_KEY_UILaunchStoryboardName = LaunchScreen;
				INFOPLIST_KEY_UISupportedInterfaceOrientations = "UIInterfaceOrientationLandscapeRight UIInterfaceOrientationPortrait";
				INFOPLIST_KEY_UISupportedInterfaceOrientations_iPad = "UIInterfaceOrientationLandscapeLeft UIInterfaceOrientationLandscapeRight UIInterfaceOrientationPortrait UIInterfaceOrientationPortraitUpsideDown";
				IPHONEOS_DEPLOYMENT_TARGET = 14.0;
				LD_RUNPATH_SEARCH_PATHS = (
					"$(inherited)",
					"@executable_path/Frameworks",
				);
				MARKETING_VERSION = 1.0;
				PRODUCT_BUNDLE_IDENTIFIER = "com.jinan.study.SearchDaumBlog-ios";
				PRODUCT_NAME = "$(TARGET_NAME)";
				SUPPORTED_PLATFORMS = "iphoneos iphonesimulator";
				SUPPORTS_MACCATALYST = NO;
				SUPPORTS_MAC_DESIGNED_FOR_IPHONE_IPAD = NO;
				SWIFT_EMIT_LOC_STRINGS = YES;
				SWIFT_VERSION = 5.0;
				TARGETED_DEVICE_FAMILY = 1;
			};
			name = Debug;
		};
		EC5CC7102A278A1100D88DF8 /* Release */ = {
			isa = XCBuildConfiguration;
			buildSettings = {
				ASSETCATALOG_COMPILER_APPICON_NAME = AppIcon;
				ASSETCATALOG_COMPILER_GLOBAL_ACCENT_COLOR_NAME = AccentColor;
				CODE_SIGN_STYLE = Automatic;
				CURRENT_PROJECT_VERSION = 1;
				DEVELOPMENT_TEAM = 3JUD92543N;
				GENERATE_INFOPLIST_FILE = YES;
				INFOPLIST_FILE = "SearchDaumBlog-ios/Info.plist";
				INFOPLIST_KEY_UIApplicationSupportsIndirectInputEvents = YES;
				INFOPLIST_KEY_UILaunchStoryboardName = LaunchScreen;
				INFOPLIST_KEY_UISupportedInterfaceOrientations = "UIInterfaceOrientationLandscapeRight UIInterfaceOrientationPortrait";
				INFOPLIST_KEY_UISupportedInterfaceOrientations_iPad = "UIInterfaceOrientationLandscapeLeft UIInterfaceOrientationLandscapeRight UIInterfaceOrientationPortrait UIInterfaceOrientationPortraitUpsideDown";
				IPHONEOS_DEPLOYMENT_TARGET = 14.0;
				LD_RUNPATH_SEARCH_PATHS = (
					"$(inherited)",
					"@executable_path/Frameworks",
				);
				MARKETING_VERSION = 1.0;
				PRODUCT_BUNDLE_IDENTIFIER = "com.jinan.study.SearchDaumBlog-ios";
				PRODUCT_NAME = "$(TARGET_NAME)";
				SUPPORTED_PLATFORMS = "iphoneos iphonesimulator";
				SUPPORTS_MACCATALYST = NO;
				SUPPORTS_MAC_DESIGNED_FOR_IPHONE_IPAD = NO;
				SWIFT_EMIT_LOC_STRINGS = YES;
				SWIFT_VERSION = 5.0;
				TARGETED_DEVICE_FAMILY = 1;
			};
			name = Release;
		};
/* End XCBuildConfiguration section */

/* Begin XCConfigurationList section */
		EC5CC6F52A278A1100D88DF8 /* Build configuration list for PBXProject "SearchDaumBlog-ios" */ = {
			isa = XCConfigurationList;
			buildConfigurations = (
				EC5CC70C2A278A1100D88DF8 /* Debug */,
				EC5CC70D2A278A1100D88DF8 /* Release */,
			);
			defaultConfigurationIsVisible = 0;
			defaultConfigurationName = Release;
		};
		EC5CC70E2A278A1100D88DF8 /* Build configuration list for PBXNativeTarget "SearchDaumBlog-ios" */ = {
			isa = XCConfigurationList;
			buildConfigurations = (
				EC5CC70F2A278A1100D88DF8 /* Debug */,
				EC5CC7102A278A1100D88DF8 /* Release */,
			);
			defaultConfigurationIsVisible = 0;
			defaultConfigurationName = Release;
		};
/* End XCConfigurationList section */

/* Begin XCRemoteSwiftPackageReference section */
		EC5CC7112A278A7E00D88DF8 /* XCRemoteSwiftPackageReference "rxswift" */ = {
			isa = XCRemoteSwiftPackageReference;
			repositoryURL = "https://github.com/reactivex/rxswift";
			requirement = {
				kind = upToNextMajorVersion;
				minimumVersion = 6.0.0;
			};
		};
		EC5CC7182A278B4300D88DF8 /* XCRemoteSwiftPackageReference "Kingfisher" */ = {
			isa = XCRemoteSwiftPackageReference;
			repositoryURL = "https://github.com/onevcat/Kingfisher.git";
			requirement = {
				kind = upToNextMajorVersion;
				minimumVersion = 7.0.0;
			};
		};
		EC5CC71B2A278B5200D88DF8 /* XCRemoteSwiftPackageReference "SnapKit" */ = {
			isa = XCRemoteSwiftPackageReference;
			repositoryURL = "https://github.com/SnapKit/SnapKit.git";
			requirement = {
				kind = upToNextMajorVersion;
				minimumVersion = 5.0.0;
			};
		};
/* End XCRemoteSwiftPackageReference section */

/* Begin XCSwiftPackageProductDependency section */
		EC5CC7122A278A7E00D88DF8 /* RxCocoa */ = {
			isa = XCSwiftPackageProductDependency;
			package = EC5CC7112A278A7E00D88DF8 /* XCRemoteSwiftPackageReference "rxswift" */;
			productName = RxCocoa;
		};
		EC5CC7142A278A7E00D88DF8 /* RxRelay */ = {
			isa = XCSwiftPackageProductDependency;
			package = EC5CC7112A278A7E00D88DF8 /* XCRemoteSwiftPackageReference "rxswift" */;
			productName = RxRelay;
		};
		EC5CC7162A278A7E00D88DF8 /* RxSwift */ = {
			isa = XCSwiftPackageProductDependency;
			package = EC5CC7112A278A7E00D88DF8 /* XCRemoteSwiftPackageReference "rxswift" */;
			productName = RxSwift;
		};
		EC5CC7192A278B4400D88DF8 /* Kingfisher */ = {
			isa = XCSwiftPackageProductDependency;
			package = EC5CC7182A278B4300D88DF8 /* XCRemoteSwiftPackageReference "Kingfisher" */;
			productName = Kingfisher;
		};
		EC5CC71C2A278B5200D88DF8 /* SnapKit */ = {
			isa = XCSwiftPackageProductDependency;
			package = EC5CC71B2A278B5200D88DF8 /* XCRemoteSwiftPackageReference "SnapKit" */;
			productName = SnapKit;
		};
/* End XCSwiftPackageProductDependency section */
	};
	rootObject = EC5CC6F22A278A1100D88DF8 /* Project object */;
}
